
Microsoft Visual Studio Solution File, Format Version 12.00
# Visual Studio Version 17
VisualStudioVersion = 17.8.34322.80
MinimumVisualStudioVersion = 10.0.40219.1
Project("{9A19103F-16F7-4668-BE54-9A1E7A4F7556}") = "DuseAppReact.Server", "DuseAppReact.Server\DuseAppReact.Server.csproj", "{3ACD0552-35EC-4780-A690-7627FB95C1DB}"
EndProject
Project("{54A90642-561A-4BB1-A94E-469ADEE60C69}") = "duseappreact.client", "duseappreact.client\duseappreact.client.esproj", "{1DD4D16B-3CC4-4605-B51D-92624C611A30}"
EndProject
Project("{9A19103F-16F7-4668-BE54-9A1E7A4F7556}") = "DuseAppReact.Core", "DuseAppReact.Core\DuseAppReact.Core.csproj", "{95D8BFB0-05EA-41BB-9B26-C9290910615F}"
EndProject
Project("{9A19103F-16F7-4668-BE54-9A1E7A4F7556}") = "DuseAppReact.Application", "DuseAppReact.DataAccess\DuseAppReact.Application.csproj", "{B8E251EF-3E39-4A91-ACC7-7F84F811C883}"
EndProject
Project("{9A19103F-16F7-4668-BE54-9A1E7A4F7556}") = "DuseAppReact.Services", "DuseAppReact.Services\DuseAppReact.Services.csproj", "{A9CB6E7F-B3C4-4CC9-9B5A-2CACD186FB4C}"
EndProject
Global
	GlobalSection(SolutionConfigurationPlatforms) = preSolution
		Debug|Any CPU = Debug|Any CPU
		Release|Any CPU = Release|Any CPU
	EndGlobalSection
	GlobalSection(ProjectConfigurationPlatforms) = postSolution
		{3ACD0552-35EC-4780-A690-7627FB95C1DB}.Debug|Any CPU.ActiveCfg = Debug|Any CPU
		{3ACD0552-35EC-4780-A690-7627FB95C1DB}.Debug|Any CPU.Build.0 = Debug|Any CPU
		{3ACD0552-35EC-4780-A690-7627FB95C1DB}.Release|Any CPU.ActiveCfg = Release|Any CPU
		{3ACD0552-35EC-4780-A690-7627FB95C1DB}.Release|Any CPU.Build.0 = Release|Any CPU
		{1DD4D16B-3CC4-4605-B51D-92624C611A30}.Debug|Any CPU.ActiveCfg = Debug|Any CPU
		{1DD4D16B-3CC4-4605-B51D-92624C611A30}.Debug|Any CPU.Build.0 = Debug|Any CPU
		{1DD4D16B-3CC4-4605-B51D-92624C611A30}.Debug|Any CPU.Deploy.0 = Debug|Any CPU
		{1DD4D16B-3CC4-4605-B51D-92624C611A30}.Release|Any CPU.ActiveCfg = Release|Any CPU
		{1DD4D16B-3CC4-4605-B51D-92624C611A30}.Release|Any CPU.Build.0 = Release|Any CPU
		{1DD4D16B-3CC4-4605-B51D-92624C611A30}.Release|Any CPU.Deploy.0 = Release|Any CPU
		{95D8BFB0-05EA-41BB-9B26-C9290910615F}.Debug|Any CPU.ActiveCfg = Debug|Any CPU
		{95D8BFB0-05EA-41BB-9B26-C9290910615F}.Debug|Any CPU.Build.0 = Debug|Any CPU
		{95D8BFB0-05EA-41BB-9B26-C9290910615F}.Release|Any CPU.ActiveCfg = Release|Any CPU
		{95D8BFB0-05EA-41BB-9B26-C9290910615F}.Release|Any CPU.Build.0 = Release|Any CPU
		{B8E251EF-3E39-4A91-ACC7-7F84F811C883}.Debug|Any CPU.ActiveCfg = Debug|Any CPU
		{B8E251EF-3E39-4A91-ACC7-7F84F811C883}.Debug|Any CPU.Build.0 = Debug|Any CPU
		{B8E251EF-3E39-4A91-ACC7-7F84F811C883}.Release|Any CPU.ActiveCfg = Release|Any CPU
		{B8E251EF-3E39-4A91-ACC7-7F84F811C883}.Release|Any CPU.Build.0 = Release|Any CPU
		{A9CB6E7F-B3C4-4CC9-9B5A-2CACD186FB4C}.Debug|Any CPU.ActiveCfg = Debug|Any CPU
		{A9CB6E7F-B3C4-4CC9-9B5A-2CACD186FB4C}.Debug|Any CPU.Build.0 = Debug|Any CPU
		{A9CB6E7F-B3C4-4CC9-9B5A-2CACD186FB4C}.Release|Any CPU.ActiveCfg = Release|Any CPU
		{A9CB6E7F-B3C4-4CC9-9B5A-2CACD186FB4C}.Release|Any CPU.Build.0 = Release|Any CPU
	EndGlobalSection
	GlobalSection(SolutionProperties) = preSolution
		HideSolutionNode = FALSE
	EndGlobalSection
	GlobalSection(ExtensibilityGlobals) = postSolution
		SolutionGuid = {B37C34E4-2B21-4E49-BBAB-144B4617E71A}
	EndGlobalSection
EndGlobal
